
Microsoft Visual Studio Solution File, Format Version 12.00
# Visual Studio Version 17
VisualStudioVersion = 17.13.35931.197 d17.13
MinimumVisualStudioVersion = 10.0.40219.1
Project("{FAE04EC0-301F-11D3-BF4B-00C04F79EFBC}") = "Tut03", "Tut03.csproj", "{BE70BD1E-276B-492C-AA57-94DD0852379F}"
EndProject
Global
	GlobalSection(SolutionConfigurationPlatforms) = preSolution
		Debug|Any CPU = Debug|Any CPU
		Release|Any CPU = Release|Any CPU
	EndGlobalSection
	GlobalSection(ProjectConfigurationPlatforms) = postSolution
		{BE70BD1E-276B-492C-AA57-94DD0852379F}.Debug|Any CPU.ActiveCfg = Debug|Any CPU
		{BE70BD1E-276B-492C-AA57-94DD0852379F}.Debug|Any CPU.Build.0 = Debug|Any CPU
		{BE70BD1E-276B-492C-AA57-94DD0852379F}.Release|Any CPU.ActiveCfg = Release|Any CPU
		{BE70BD1E-276B-492C-AA57-94DD0852379F}.Release|Any CPU.Build.0 = Release|Any CPU
	EndGlobalSection
	GlobalSection(SolutionProperties) = preSolution
		HideSolutionNode = FALSE
	EndGlobalSection
	GlobalSection(ExtensibilityGlobals) = postSolution
		SolutionGuid = {C8837F2D-7715-4456-91D1-D5C56454DF28}
	EndGlobalSection
EndGlobal
