
Microsoft Visual Studio Solution File, Format Version 12.00
# Visual Studio Version 17
VisualStudioVersion = 17.14.36327.8 d17.14
MinimumVisualStudioVersion = 10.0.40219.1
Project("{FAE04EC0-301F-11D3-BF4B-00C04F79EFBC}") = "tut05-data_types", "tut05-data_types\tut05-data_types.csproj", "{BEE9319D-122D-44A1-8867-067D5C8C288F}"
EndProject
Global
	GlobalSection(SolutionConfigurationPlatforms) = preSolution
		Debug|Any CPU = Debug|Any CPU
		Release|Any CPU = Release|Any CPU
	EndGlobalSection
	GlobalSection(ProjectConfigurationPlatforms) = postSolution
		{BEE9319D-122D-44A1-8867-067D5C8C288F}.Debug|Any CPU.ActiveCfg = Debug|Any CPU
		{BEE9319D-122D-44A1-8867-067D5C8C288F}.Debug|Any CPU.Build.0 = Debug|Any CPU
		{BEE9319D-122D-44A1-8867-067D5C8C288F}.Release|Any CPU.ActiveCfg = Release|Any CPU
		{BEE9319D-122D-44A1-8867-067D5C8C288F}.Release|Any CPU.Build.0 = Release|Any CPU
	EndGlobalSection
	GlobalSection(SolutionProperties) = preSolution
		HideSolutionNode = FALSE
	EndGlobalSection
	GlobalSection(ExtensibilityGlobals) = postSolution
		SolutionGuid = {E2042E58-3127-46CC-AFA4-86F817F676D2}
	EndGlobalSection
EndGlobal
