
Microsoft Visual Studio Solution File, Format Version 12.00
# Visual Studio Version 17
VisualStudioVersion = 17.14.36401.2 d17.14
MinimumVisualStudioVersion = 10.0.40219.1
Project("{FAE04EC0-301F-11D3-BF4B-00C04F79EFBC}") = "tut09-calc1", "tut09-calc1\tut09-calc1.csproj", "{846A2FC0-91B0-4F2F-99BC-BFAF60BB7036}"
EndProject
Global
	GlobalSection(SolutionConfigurationPlatforms) = preSolution
		Debug|Any CPU = Debug|Any CPU
		Release|Any CPU = Release|Any CPU
	EndGlobalSection
	GlobalSection(ProjectConfigurationPlatforms) = postSolution
		{846A2FC0-91B0-4F2F-99BC-BFAF60BB7036}.Debug|Any CPU.ActiveCfg = Debug|Any CPU
		{846A2FC0-91B0-4F2F-99BC-BFAF60BB7036}.Debug|Any CPU.Build.0 = Debug|Any CPU
		{846A2FC0-91B0-4F2F-99BC-BFAF60BB7036}.Release|Any CPU.ActiveCfg = Release|Any CPU
		{846A2FC0-91B0-4F2F-99BC-BFAF60BB7036}.Release|Any CPU.Build.0 = Release|Any CPU
	EndGlobalSection
	GlobalSection(SolutionProperties) = preSolution
		HideSolutionNode = FALSE
	EndGlobalSection
	GlobalSection(ExtensibilityGlobals) = postSolution
		SolutionGuid = {03B2360F-44E4-4FA9-9BF3-064C94976981}
	EndGlobalSection
EndGlobal
